
Microsoft Visual Studio Solution File, Format Version 12.00
# Visual Studio Version 17
VisualStudioVersion = 17.5.33516.290
MinimumVisualStudioVersion = 10.0.40219.1
Project("{FAE04EC0-301F-11D3-BF4B-00C04F79EFBC}") = "Dots", "Dots.csproj", "{1CB5E8B7-B472-44DD-B3D4-353AE9252D87}"
EndProject
Global
	GlobalSection(SolutionConfigurationPlatforms) = preSolution
		Debug|Any CPU = Debug|Any CPU
		Release|Any CPU = Release|Any CPU
	EndGlobalSection
	GlobalSection(ProjectConfigurationPlatforms) = postSolution
		{1CB5E8B7-B472-44DD-B3D4-353AE9252D87}.Debug|Any CPU.ActiveCfg = Debug|Any CPU
		{1CB5E8B7-B472-44DD-B3D4-353AE9252D87}.Debug|Any CPU.Build.0 = Debug|Any CPU
		{1CB5E8B7-B472-44DD-B3D4-353AE9252D87}.Release|Any CPU.ActiveCfg = Release|Any CPU
		{1CB5E8B7-B472-44DD-B3D4-353AE9252D87}.Release|Any CPU.Build.0 = Release|Any CPU
	EndGlobalSection
	GlobalSection(SolutionProperties) = preSolution
		HideSolutionNode = FALSE
	EndGlobalSection
	GlobalSection(ExtensibilityGlobals) = postSolution
		SolutionGuid = {AF1A31C1-6832-4685-A476-4219E1303004}
	EndGlobalSection
EndGlobal
