
Microsoft Visual Studio Solution File, Format Version 12.00
# Visual Studio Version 17
VisualStudioVersion = 17.5.33516.290
MinimumVisualStudioVersion = 10.0.40219.1
Project("{FAE04EC0-301F-11D3-BF4B-00C04F79EFBC}") = "Processes", "Processes\Processes.csproj", "{A8E2A3AA-B849-4017-8196-CE16EBC200CF}"
EndProject
Project("{FAE04EC0-301F-11D3-BF4B-00C04F79EFBC}") = "Tokens", "Tokens\Tokens.csproj", "{CFE87876-28A5-46AB-A2FD-90DDD7ABC546}"
EndProject
Project("{FAE04EC0-301F-11D3-BF4B-00C04F79EFBC}") = "Portscan", "Portscan\Portscan.csproj", "{09A21415-2985-49C4-8625-BA254B1B0870}"
EndProject
Global
	GlobalSection(SolutionConfigurationPlatforms) = preSolution
		Debug|Any CPU = Debug|Any CPU
		Release|Any CPU = Release|Any CPU
	EndGlobalSection
	GlobalSection(ProjectConfigurationPlatforms) = postSolution
		{A8E2A3AA-B849-4017-8196-CE16EBC200CF}.Debug|Any CPU.ActiveCfg = Debug|Any CPU
		{A8E2A3AA-B849-4017-8196-CE16EBC200CF}.Debug|Any CPU.Build.0 = Debug|Any CPU
		{A8E2A3AA-B849-4017-8196-CE16EBC200CF}.Release|Any CPU.ActiveCfg = Release|Any CPU
		{A8E2A3AA-B849-4017-8196-CE16EBC200CF}.Release|Any CPU.Build.0 = Release|Any CPU
		{CFE87876-28A5-46AB-A2FD-90DDD7ABC546}.Debug|Any CPU.ActiveCfg = Debug|Any CPU
		{CFE87876-28A5-46AB-A2FD-90DDD7ABC546}.Debug|Any CPU.Build.0 = Debug|Any CPU
		{CFE87876-28A5-46AB-A2FD-90DDD7ABC546}.Release|Any CPU.ActiveCfg = Release|Any CPU
		{CFE87876-28A5-46AB-A2FD-90DDD7ABC546}.Release|Any CPU.Build.0 = Release|Any CPU
		{09A21415-2985-49C4-8625-BA254B1B0870}.Debug|Any CPU.ActiveCfg = Debug|Any CPU
		{09A21415-2985-49C4-8625-BA254B1B0870}.Debug|Any CPU.Build.0 = Debug|Any CPU
		{09A21415-2985-49C4-8625-BA254B1B0870}.Release|Any CPU.ActiveCfg = Release|Any CPU
		{09A21415-2985-49C4-8625-BA254B1B0870}.Release|Any CPU.Build.0 = Release|Any CPU
	EndGlobalSection
	GlobalSection(SolutionProperties) = preSolution
		HideSolutionNode = FALSE
	EndGlobalSection
	GlobalSection(ExtensibilityGlobals) = postSolution
		SolutionGuid = {5CB284D2-F251-4A9E-9B77-2F455BE54C81}
	EndGlobalSection
EndGlobal
